
Microsoft Visual Studio Solution File, Format Version 12.00
# Visual Studio Version 17
VisualStudioVersion = 17.8.34330.188
MinimumVisualStudioVersion = 10.0.40219.1
Project("{FAE04EC0-301F-11D3-BF4B-00C04F79EFBC}") = "OverlayESP", "OverlayESP\OverlayESP.csproj", "{20059657-5337-4FBE-8F37-0BF57042C211}"
EndProject
Global
	GlobalSection(SolutionConfigurationPlatforms) = preSolution
		Debug|Any CPU = Debug|Any CPU
		Release|Any CPU = Release|Any CPU
	EndGlobalSection
	GlobalSection(ProjectConfigurationPlatforms) = postSolution
		{20059657-5337-4FBE-8F37-0BF57042C211}.Debug|Any CPU.ActiveCfg = Debug|Any CPU
		{20059657-5337-4FBE-8F37-0BF57042C211}.Debug|Any CPU.Build.0 = Debug|Any CPU
		{20059657-5337-4FBE-8F37-0BF57042C211}.Release|Any CPU.ActiveCfg = Release|Any CPU
		{20059657-5337-4FBE-8F37-0BF57042C211}.Release|Any CPU.Build.0 = Release|Any CPU
	EndGlobalSection
	GlobalSection(SolutionProperties) = preSolution
		HideSolutionNode = FALSE
	EndGlobalSection
	GlobalSection(ExtensibilityGlobals) = postSolution
		SolutionGuid = {F5F0C5D6-2F3F-4833-9520-33BF8C2F74C3}
	EndGlobalSection
EndGlobal
